
Microsoft Visual Studio Solution File, Format Version 12.00
# Visual Studio Version 16
VisualStudioVersion = 16.0.33214.272
MinimumVisualStudioVersion = 10.0.40219.1
Project("{FAE04EC0-301F-11D3-BF4B-00C04F79EFBC}") = "ConsoleApp18", "ConsoleApp18\ConsoleApp18.csproj", "{EF1D50B9-7389-4686-82E8-A60793520203}"
EndProject
Global
	GlobalSection(SolutionConfigurationPlatforms) = preSolution
		Debug|Any CPU = Debug|Any CPU
		Release|Any CPU = Release|Any CPU
	EndGlobalSection
	GlobalSection(ProjectConfigurationPlatforms) = postSolution
		{EF1D50B9-7389-4686-82E8-A60793520203}.Debug|Any CPU.ActiveCfg = Debug|Any CPU
		{EF1D50B9-7389-4686-82E8-A60793520203}.Debug|Any CPU.Build.0 = Debug|Any CPU
		{EF1D50B9-7389-4686-82E8-A60793520203}.Release|Any CPU.ActiveCfg = Release|Any CPU
		{EF1D50B9-7389-4686-82E8-A60793520203}.Release|Any CPU.Build.0 = Release|Any CPU
	EndGlobalSection
	GlobalSection(SolutionProperties) = preSolution
		HideSolutionNode = FALSE
	EndGlobalSection
	GlobalSection(ExtensibilityGlobals) = postSolution
		SolutionGuid = {E5CE1EE5-6676-42F1-A8C0-5BBB08C9620F}
	EndGlobalSection
EndGlobal
